PODS:
  - IQKeyboardManager (6.5.6)
  - SkyFloatingLabelTextField (3.8.0)

DEPENDENCIES:
  - IQKeyboardManager
  - SkyFloatingLabelTextField (~> 3.0)

SPEC REPOS:
  trunk:
    - IQKeyboardManager
    - SkyFloatingLabelTextField

SPEC CHECKSUMS:
  IQKeyboardManager: 2a6e97afdafc7becf0cb17a9a8d795e3a980717f
  SkyFloatingLabelTextField: 5a338412114808e961fe2d14ea2c5452c8b6e4aa

PODFILE CHECKSUM: 8af27381f21c8ea97e593c6e8c174f0b0916285e

COCOAPODS: 1.10.1
